
Microsoft Visual Studio Solution File, Format Version 12.00
# Visual Studio 15
VisualStudioVersion = 15.0.27703.2042
MinimumVisualStudioVersion = 10.0.40219.1
Project("{FAE04EC0-301F-11D3-BF4B-00C04F79EFBC}") = "DrugStore", "DrugStore\DrugStore.csproj", "{01633F80-083B-4D5B-9DEB-4BF9CFA44C19}"
EndProject
Global
	GlobalSection(SolutionConfigurationPlatforms) = preSolution
		Debug|Any CPU = Debug|Any CPU
		Release|Any CPU = Release|Any CPU
	EndGlobalSection
	GlobalSection(ProjectConfigurationPlatforms) = postSolution
		{01633F80-083B-4D5B-9DEB-4BF9CFA44C19}.Debug|Any CPU.ActiveCfg = Debug|Any CPU
		{01633F80-083B-4D5B-9DEB-4BF9CFA44C19}.Debug|Any CPU.Build.0 = Debug|Any CPU
		{01633F80-083B-4D5B-9DEB-4BF9CFA44C19}.Release|Any CPU.ActiveCfg = Release|Any CPU
		{01633F80-083B-4D5B-9DEB-4BF9CFA44C19}.Release|Any CPU.Build.0 = Release|Any CPU
	EndGlobalSection
	GlobalSection(SolutionProperties) = preSolution
		HideSolutionNode = FALSE
	EndGlobalSection
	GlobalSection(ExtensibilityGlobals) = postSolution
		SolutionGuid = {13AC5D98-FFE7-4DEC-8E45-80F687173AB0}
	EndGlobalSection
EndGlobal
